// !$*UTF8*$!
{
	archiveVersion = 1;
	classes = {
	};
	objectVersion = 56;
	objects = {

/* Begin PBXBuildFile section */
		D33919782A0A342E002DD719 /* dbc_parser_helper.cpp in Sources */ = {isa = PBXBuildFile; fileRef = D339196F2A0A342E002DD719 /* dbc_parser_helper.cpp */; };
		D33919792A0A342E002DD719 /* message.cpp in Sources */ = {isa = PBXBuildFile; fileRef = D33919702A0A342E002DD719 /* message.cpp */; };
		D339197A2A0A342E002DD719 /* dbc_parser.cpp in Sources */ = {isa = PBXBuildFile; fileRef = D33919722A0A342E002DD719 /* dbc_parser.cpp */; };
		D339197B2A0A342E002DD719 /* main.cpp in Sources */ = {isa = PBXBuildFile; fileRef = D33919742A0A342E002DD719 /* main.cpp */; };
		D339197C2A0A342E002DD719 /* signal.cpp in Sources */ = {isa = PBXBuildFile; fileRef = D33919752A0A342E002DD719 /* signal.cpp */; };
/* End PBXBuildFile section */

/* Begin PBXCopyFilesBuildPhase section */
		D33919632A0A33A9002DD719 /* CopyFiles */ = {
			isa = PBXCopyFilesBuildPhase;
			buildActionMask = 2147483647;
			dstPath = /usr/share/man/man1/;
			dstSubfolderSpec = 0;
			files = (
			);
			runOnlyForDeploymentPostprocessing = 1;
		};
/* End PBXCopyFilesBuildPhase section */

/* Begin PBXFileReference section */
		D33919652A0A33A9002DD719 /* CAN_DBC_DECODE_TOOL */ = {isa = PBXFileReference; explicitFileType = "compiled.mach-o.executable"; includeInIndex = 0; path = CAN_DBC_DECODE_TOOL; sourceTree = BUILT_PRODUCTS_DIR; };
		D339196F2A0A342E002DD719 /* dbc_parser_helper.cpp */ = {isa = PBXFileReference; fileEncoding = 4; lastKnownFileType = sourcecode.cpp.cpp; path = dbc_parser_helper.cpp; sourceTree = "<group>"; };
		D33919702A0A342E002DD719 /* message.cpp */ = {isa = PBXFileReference; fileEncoding = 4; lastKnownFileType = sourcecode.cpp.cpp; path = message.cpp; sourceTree = "<group>"; };
		D33919712A0A342E002DD719 /* message.hpp */ = {isa = PBXFileReference; fileEncoding = 4; lastKnownFileType = sourcecode.cpp.h; path = message.hpp; sourceTree = "<group>"; };
		D33919722A0A342E002DD719 /* dbc_parser.cpp */ = {isa = PBXFileReference; fileEncoding = 4; lastKnownFileType = sourcecode.cpp.cpp; path = dbc_parser.cpp; sourceTree = "<group>"; };
		D33919732A0A342E002DD719 /* dbc_parser_helper.hpp */ = {isa = PBXFileReference; fileEncoding = 4; lastKnownFileType = sourcecode.cpp.h; path = dbc_parser_helper.hpp; sourceTree = "<group>"; };
		D33919742A0A342E002DD719 /* main.cpp */ = {isa = PBXFileReference; fileEncoding = 4; lastKnownFileType = sourcecode.cpp.cpp; path = main.cpp; sourceTree = "<group>"; };
		D33919752A0A342E002DD719 /* signal.cpp */ = {isa = PBXFileReference; fileEncoding = 4; lastKnownFileType = sourcecode.cpp.cpp; path = signal.cpp; sourceTree = "<group>"; };
		D33919762A0A342E002DD719 /* dbc_parser.hpp */ = {isa = PBXFileReference; fileEncoding = 4; lastKnownFileType = sourcecode.cpp.h; path = dbc_parser.hpp; sourceTree = "<group>"; };
		D33919772A0A342E002DD719 /* signal.hpp */ = {isa = PBXFileReference; fileEncoding = 4; lastKnownFileType = sourcecode.cpp.h; path = signal.hpp; sourceTree = "<group>"; };
/* End PBXFileReference section */

/* Begin PBXFrameworksBuildPhase section */
		D33919622A0A33A9002DD719 /* Frameworks */ = {
			isa = PBXFrameworksBuildPhase;
			buildActionMask = 2147483647;
			files = (
			);
			runOnlyForDeploymentPostprocessing = 0;
		};
/* End PBXFrameworksBuildPhase section */

/* Begin PBXGroup section */
		D339195C2A0A33A9002DD719 = {
			isa = PBXGroup;
			children = (
				D33919672A0A33A9002DD719 /* CAN_DBC_DECODE_TOOL */,
				D33919662A0A33A9002DD719 /* Products */,
			);
			sourceTree = "<group>";
		};
		D33919662A0A33A9002DD719 /* Products */ = {
			isa = PBXGroup;
			children = (
				D33919652A0A33A9002DD719 /* CAN_DBC_DECODE_TOOL */,
			);
			name = Products;
			sourceTree = "<group>";
		};
		D33919672A0A33A9002DD719 /* CAN_DBC_DECODE_TOOL */ = {
			isa = PBXGroup;
			children = (
				D33919732A0A342E002DD719 /* dbc_parser_helper.hpp */,
				D339196F2A0A342E002DD719 /* dbc_parser_helper.cpp */,
				D33919722A0A342E002DD719 /* dbc_parser.cpp */,
				D33919762A0A342E002DD719 /* dbc_parser.hpp */,
				D33919742A0A342E002DD719 /* main.cpp */,
				D33919702A0A342E002DD719 /* message.cpp */,
				D33919712A0A342E002DD719 /* message.hpp */,
				D33919752A0A342E002DD719 /* signal.cpp */,
				D33919772A0A342E002DD719 /* signal.hpp */,
			);
			path = CAN_DBC_DECODE_TOOL;
			sourceTree = "<group>";
		};
/* End PBXGroup section */

/* Begin PBXNativeTarget section */
		D33919642A0A33A9002DD719 /* CAN_DBC_DECODE_TOOL */ = {
			isa = PBXNativeTarget;
			buildConfigurationList = D339196C2A0A33A9002DD719 /* Build configuration list for PBXNativeTarget "CAN_DBC_DECODE_TOOL" */;
			buildPhases = (
				D33919612A0A33A9002DD719 /* Sources */,
				D33919622A0A33A9002DD719 /* Frameworks */,
				D33919632A0A33A9002DD719 /* CopyFiles */,
			);
			buildRules = (
			);
			dependencies = (
			);
			name = CAN_DBC_DECODE_TOOL;
			productName = CAN_DBC_DECODE_TOOL;
			productReference = D33919652A0A33A9002DD719 /* CAN_DBC_DECODE_TOOL */;
			productType = "com.apple.product-type.tool";
		};
/* End PBXNativeTarget section */

/* Begin PBXProject section */
		D339195D2A0A33A9002DD719 /* Project object */ = {
			isa = PBXProject;
			attributes = {
				BuildIndependentTargetsInParallel = 1;
				LastUpgradeCheck = 1430;
				TargetAttributes = {
					D33919642A0A33A9002DD719 = {
						CreatedOnToolsVersion = 14.3;
					};
				};
			};
			buildConfigurationList = D33919602A0A33A9002DD719 /* Build configuration list for PBXProject "CAN_DBC_DECODE_TOOL" */;
			compatibilityVersion = "Xcode 14.0";
			developmentRegion = en;
			hasScannedForEncodings = 0;
			knownRegions = (
				en,
				Base,
			);
			mainGroup = D339195C2A0A33A9002DD719;
			productRefGroup = D33919662A0A33A9002DD719 /* Products */;
			projectDirPath = "";
			projectRoot = "";
			targets = (
				D33919642A0A33A9002DD719 /* CAN_DBC_DECODE_TOOL */,
			);
		};
/* End PBXProject section */

/* Begin PBXSourcesBuildPhase section */
		D33919612A0A33A9002DD719 /* Sources */ = {
			isa = PBXSourcesBuildPhase;
			buildActionMask = 2147483647;
			files = (
				D339197A2A0A342E002DD719 /* dbc_parser.cpp in Sources */,
				D33919782A0A342E002DD719 /* dbc_parser_helper.cpp in Sources */,
				D339197B2A0A342E002DD719 /* main.cpp in Sources */,
				D33919792A0A342E002DD719 /* message.cpp in Sources */,
				D339197C2A0A342E002DD719 /* signal.cpp in Sources */,
			);
			runOnlyForDeploymentPostprocessing = 0;
		};
/* End PBXSourcesBuildPhase section */

/* Begin XCBuildConfiguration section */
		D339196A2A0A33A9002DD719 /* Debug */ = {
			isa = XCBuildConfiguration;
			buildSettings = {
				ALWAYS_SEARCH_USER_PATHS = NO;
				CLANG_ANALYZER_NONNULL = YES;
				CLANG_ANALYZER_NUMBER_OBJECT_CONVERSION = YES_AGGRESSIVE;
				CLANG_CXX_LANGUAGE_STANDARD = "gnu++20";
				CLANG_ENABLE_MODULES = YES;
				CLANG_ENABLE_OBJC_ARC = YES;
				CLANG_ENABLE_OBJC_WEAK = YES;
				CLANG_WARN_BLOCK_CAPTURE_AUTORELEASING = YES;
				CLANG_WARN_BOOL_CONVERSION = YES;
				CLANG_WARN_COMMA = YES;
				CLANG_WARN_CONSTANT_CONVERSION = YES;
				CLANG_WARN_DEPRECATED_OBJC_IMPLEMENTATIONS = YES;
				CLANG_WARN_DIRECT_OBJC_ISA_USAGE = YES_ERROR;
				CLANG_WARN_DOCUMENTATION_COMMENTS = YES;
				CLANG_WARN_EMPTY_BODY = YES;
				CLANG_WARN_ENUM_CONVERSION = YES;
				CLANG_WARN_INFINITE_RECURSION = YES;
				CLANG_WARN_INT_CONVERSION = YES;
				CLANG_WARN_NON_LITERAL_NULL_CONVERSION = YES;
				CLANG_WARN_OBJC_IMPLICIT_RETAIN_SELF = YES;
				CLANG_WARN_OBJC_LITERAL_CONVERSION = YES;
				CLANG_WARN_OBJC_ROOT_CLASS = YES_ERROR;
				CLANG_WARN_QUOTED_INCLUDE_IN_FRAMEWORK_HEADER = YES;
				CLANG_WARN_RANGE_LOOP_ANALYSIS = YES;
				CLANG_WARN_STRICT_PROTOTYPES = YES;
				CLANG_WARN_SUSPICIOUS_MOVE = YES;
				CLANG_WARN_UNGUARDED_AVAILABILITY = YES_AGGRESSIVE;
				CLANG_WARN_UNREACHABLE_CODE = YES;
				CLANG_WARN__DUPLICATE_METHOD_MATCH = YES;
				COPY_PHASE_STRIP = NO;
				DEBUG_INFORMATION_FORMAT = dwarf;
				ENABLE_STRICT_OBJC_MSGSEND = YES;
				ENABLE_TESTABILITY = YES;
				GCC_C_LANGUAGE_STANDARD = gnu11;
				GCC_DYNAMIC_NO_PIC = NO;
				GCC_NO_COMMON_BLOCKS = YES;
				GCC_OPTIMIZATION_LEVEL = 0;
				GCC_PREPROCESSOR_DEFINITIONS = (
					"DEBUG=1",
					"$(inherited)",
				);
				GCC_WARN_64_TO_32_BIT_CONVERSION = YES;
				GCC_WARN_ABOUT_RETURN_TYPE = YES_ERROR;
				GCC_WARN_UNDECLARED_SELECTOR = YES;
				GCC_WARN_UNINITIALIZED_AUTOS = YES_AGGRESSIVE;
				GCC_WARN_UNUSED_FUNCTION = YES;
				GCC_WARN_UNUSED_VARIABLE = YES;
				MACOSX_DEPLOYMENT_TARGET = 13.3;
				MTL_ENABLE_DEBUG_INFO = INCLUDE_SOURCE;
				MTL_FAST_MATH = YES;
				ONLY_ACTIVE_ARCH = YES;
				SDKROOT = macosx;
			};
			name = Debug;
		};
		D339196B2A0A33A9002DD719 /* Release */ = {
			isa = XCBuildConfiguration;
			buildSettings = {
				ALWAYS_SEARCH_USER_PATHS = NO;
				CLANG_ANALYZER_NONNULL = YES;
				CLANG_ANALYZER_NUMBER_OBJECT_CONVERSION = YES_AGGRESSIVE;
				CLANG_CXX_LANGUAGE_STANDARD = "gnu++20";
				CLANG_ENABLE_MODULES = YES;
				CLANG_ENABLE_OBJC_ARC = YES;
				CLANG_ENABLE_OBJC_WEAK = YES;
				CLANG_WARN_BLOCK_CAPTURE_AUTORELEASING = YES;
				CLANG_WARN_BOOL_CONVERSION = YES;
				CLANG_WARN_COMMA = YES;
				CLANG_WARN_CONSTANT_CONVERSION = YES;
				CLANG_WARN_DEPRECATED_OBJC_IMPLEMENTATIONS = YES;
				CLANG_WARN_DIRECT_OBJC_ISA_USAGE = YES_ERROR;
				CLANG_WARN_DOCUMENTATION_COMMENTS = YES;
				CLANG_WARN_EMPTY_BODY = YES;
				CLANG_WARN_ENUM_CONVERSION = YES;
				CLANG_WARN_INFINITE_RECURSION = YES;
				CLANG_WARN_INT_CONVERSION = YES;
				CLANG_WARN_NON_LITERAL_NULL_CONVERSION = YES;
				CLANG_WARN_OBJC_IMPLICIT_RETAIN_SELF = YES;
				CLANG_WARN_OBJC_LITERAL_CONVERSION = YES;
				CLANG_WARN_OBJC_ROOT_CLASS = YES_ERROR;
				CLANG_WARN_QUOTED_INCLUDE_IN_FRAMEWORK_HEADER = YES;
				CLANG_WARN_RANGE_LOOP_ANALYSIS = YES;
				CLANG_WARN_STRICT_PROTOTYPES = YES;
				CLANG_WARN_SUSPICIOUS_MOVE = YES;
				CLANG_WARN_UNGUARDED_AVAILABILITY = YES_AGGRESSIVE;
				CLANG_WARN_UNREACHABLE_CODE = YES;
				CLANG_WARN__DUPLICATE_METHOD_MATCH = YES;
				COPY_PHASE_STRIP = NO;
				DEBUG_INFORMATION_FORMAT = "dwarf-with-dsym";
				ENABLE_NS_ASSERTIONS = NO;
				ENABLE_STRICT_OBJC_MSGSEND = YES;
				GCC_C_LANGUAGE_STANDARD = gnu11;
				GCC_NO_COMMON_BLOCKS = YES;
				GCC_WARN_64_TO_32_BIT_CONVERSION = YES;
				GCC_WARN_ABOUT_RETURN_TYPE = YES_ERROR;
				GCC_WARN_UNDECLARED_SELECTOR = YES;
				GCC_WARN_UNINITIALIZED_AUTOS = YES_AGGRESSIVE;
				GCC_WARN_UNUSED_FUNCTION = YES;
				GCC_WARN_UNUSED_VARIABLE = YES;
				MACOSX_DEPLOYMENT_TARGET = 13.3;
				MTL_ENABLE_DEBUG_INFO = NO;
				MTL_FAST_MATH = YES;
				SDKROOT = macosx;
			};
			name = Release;
		};
		D339196D2A0A33A9002DD719 /* Debug */ = {
			isa = XCBuildConfiguration;
			buildSettings = {
				CODE_SIGN_STYLE = Automatic;
				DEVELOPMENT_TEAM = 8XK8TA2ZYG;
				ENABLE_HARDENED_RUNTIME = YES;
				PRODUCT_NAME = "$(TARGET_NAME)";
			};
			name = Debug;
		};
		D339196E2A0A33A9002DD719 /* Release */ = {
			isa = XCBuildConfiguration;
			buildSettings = {
				CODE_SIGN_STYLE = Automatic;
				DEVELOPMENT_TEAM = 8XK8TA2ZYG;
				ENABLE_HARDENED_RUNTIME = YES;
				PRODUCT_NAME = "$(TARGET_NAME)";
			};
			name = Release;
		};
/* End XCBuildConfiguration section */

/* Begin XCConfigurationList section */
		D33919602A0A33A9002DD719 /* Build configuration list for PBXProject "CAN_DBC_DECODE_TOOL" */ = {
			isa = XCConfigurationList;
			buildConfigurations = (
				D339196A2A0A33A9002DD719 /* Debug */,
				D339196B2A0A33A9002DD719 /* Release */,
			);
			defaultConfigurationIsVisible = 0;
			defaultConfigurationName = Release;
		};
		D339196C2A0A33A9002DD719 /* Build configuration list for PBXNativeTarget "CAN_DBC_DECODE_TOOL" */ = {
			isa = XCConfigurationList;
			buildConfigurations = (
				D339196D2A0A33A9002DD719 /* Debug */,
				D339196E2A0A33A9002DD719 /* Release */,
			);
			defaultConfigurationIsVisible = 0;
			defaultConfigurationName = Release;
		};
/* End XCConfigurationList section */
	};
	rootObject = D339195D2A0A33A9002DD719 /* Project object */;
}
